
Microsoft Visual Studio Solution File, Format Version 12.00
# Visual Studio Version 17
VisualStudioVersion = 17.4.33213.308
MinimumVisualStudioVersion = 10.0.40219.1
Project("{FAE04EC0-301F-11D3-BF4B-00C04F79EFBC}") = "Task_66", "Task_66\Task_66.csproj", "{694FAFB1-DB36-438E-9038-7A2602E4375C}"
EndProject
Global
	GlobalSection(SolutionConfigurationPlatforms) = preSolution
		Debug|Any CPU = Debug|Any CPU
		Release|Any CPU = Release|Any CPU
	EndGlobalSection
	GlobalSection(ProjectConfigurationPlatforms) = postSolution
		{694FAFB1-DB36-438E-9038-7A2602E4375C}.Debug|Any CPU.ActiveCfg = Debug|Any CPU
		{694FAFB1-DB36-438E-9038-7A2602E4375C}.Debug|Any CPU.Build.0 = Debug|Any CPU
		{694FAFB1-DB36-438E-9038-7A2602E4375C}.Release|Any CPU.ActiveCfg = Release|Any CPU
		{694FAFB1-DB36-438E-9038-7A2602E4375C}.Release|Any CPU.Build.0 = Release|Any CPU
	EndGlobalSection
	GlobalSection(SolutionProperties) = preSolution
		HideSolutionNode = FALSE
	EndGlobalSection
	GlobalSection(ExtensibilityGlobals) = postSolution
		SolutionGuid = {7D23EA51-2751-479E-95A2-FC7CD281A348}
	EndGlobalSection
EndGlobal
