
Microsoft Visual Studio Solution File, Format Version 12.00
# Visual Studio Version 17
VisualStudioVersion = 17.4.33122.133
MinimumVisualStudioVersion = 10.0.40219.1
Project("{FAE04EC0-301F-11D3-BF4B-00C04F79EFBC}") = "Task_43", "Task_43\Task_43.csproj", "{B429B32A-2CA1-4562-8062-35879F37835A}"
EndProject
Global
	GlobalSection(SolutionConfigurationPlatforms) = preSolution
		Debug|Any CPU = Debug|Any CPU
		Release|Any CPU = Release|Any CPU
	EndGlobalSection
	GlobalSection(ProjectConfigurationPlatforms) = postSolution
		{B429B32A-2CA1-4562-8062-35879F37835A}.Debug|Any CPU.ActiveCfg = Debug|Any CPU
		{B429B32A-2CA1-4562-8062-35879F37835A}.Debug|Any CPU.Build.0 = Debug|Any CPU
		{B429B32A-2CA1-4562-8062-35879F37835A}.Release|Any CPU.ActiveCfg = Release|Any CPU
		{B429B32A-2CA1-4562-8062-35879F37835A}.Release|Any CPU.Build.0 = Release|Any CPU
	EndGlobalSection
	GlobalSection(SolutionProperties) = preSolution
		HideSolutionNode = FALSE
	EndGlobalSection
	GlobalSection(ExtensibilityGlobals) = postSolution
		SolutionGuid = {F52090F5-5D4C-406E-864F-570D545F2F36}
	EndGlobalSection
EndGlobal
