
Microsoft Visual Studio Solution File, Format Version 12.00
# Visual Studio Version 17
VisualStudioVersion = 17.4.33122.133
MinimumVisualStudioVersion = 10.0.40219.1
Project("{FAE04EC0-301F-11D3-BF4B-00C04F79EFBC}") = "HomeWork003_IntegersBetween", "HomeWork003_IntegersBetween\HomeWork003_IntegersBetween.csproj", "{906356F3-EB7A-44DF-B9AF-02EF0ED23E45}"
EndProject
Global
	GlobalSection(SolutionConfigurationPlatforms) = preSolution
		Debug|Any CPU = Debug|Any CPU
		Release|Any CPU = Release|Any CPU
	EndGlobalSection
	GlobalSection(ProjectConfigurationPlatforms) = postSolution
		{906356F3-EB7A-44DF-B9AF-02EF0ED23E45}.Debug|Any CPU.ActiveCfg = Debug|Any CPU
		{906356F3-EB7A-44DF-B9AF-02EF0ED23E45}.Debug|Any CPU.Build.0 = Debug|Any CPU
		{906356F3-EB7A-44DF-B9AF-02EF0ED23E45}.Release|Any CPU.ActiveCfg = Release|Any CPU
		{906356F3-EB7A-44DF-B9AF-02EF0ED23E45}.Release|Any CPU.Build.0 = Release|Any CPU
	EndGlobalSection
	GlobalSection(SolutionProperties) = preSolution
		HideSolutionNode = FALSE
	EndGlobalSection
	GlobalSection(ExtensibilityGlobals) = postSolution
		SolutionGuid = {F4D599BD-B416-44F4-BE64-351BE518CBC2}
	EndGlobalSection
EndGlobal
