
Microsoft Visual Studio Solution File, Format Version 12.00
# Visual Studio Version 17
VisualStudioVersion = 17.4.33122.133
MinimumVisualStudioVersion = 10.0.40219.1
Project("{FAE04EC0-301F-11D3-BF4B-00C04F79EFBC}") = "HomeWork004_ThreeDigitNumberAsNumberOutput", "ThreeDigitNumberAsNumberOutput\HomeWork004_ThreeDigitNumberAsNumberOutput.csproj", "{5E7AF7B2-E9AF-4A2F-9C9F-B742D443BF29}"
EndProject
Global
	GlobalSection(SolutionConfigurationPlatforms) = preSolution
		Debug|Any CPU = Debug|Any CPU
		Release|Any CPU = Release|Any CPU
	EndGlobalSection
	GlobalSection(ProjectConfigurationPlatforms) = postSolution
		{5E7AF7B2-E9AF-4A2F-9C9F-B742D443BF29}.Debug|Any CPU.ActiveCfg = Debug|Any CPU
		{5E7AF7B2-E9AF-4A2F-9C9F-B742D443BF29}.Debug|Any CPU.Build.0 = Debug|Any CPU
		{5E7AF7B2-E9AF-4A2F-9C9F-B742D443BF29}.Release|Any CPU.ActiveCfg = Release|Any CPU
		{5E7AF7B2-E9AF-4A2F-9C9F-B742D443BF29}.Release|Any CPU.Build.0 = Release|Any CPU
	EndGlobalSection
	GlobalSection(SolutionProperties) = preSolution
		HideSolutionNode = FALSE
	EndGlobalSection
	GlobalSection(ExtensibilityGlobals) = postSolution
		SolutionGuid = {D9E23960-5A51-48CB-BD83-238EBBB148F2}
	EndGlobalSection
EndGlobal
